{
  "version": 4,
  "terraform_version": "1.5.7",
  "serial": 12,
  "lineage": "6d1a1491-ec2c-6d94-8ca6-85360199719e",
  "outputs": {},
  "resources": [
    {
      "mode": "managed",
      "type": "azurerm_linux_virtual_machine",
      "name": "ecomm_vm",
      "provider": "provider[\"registry.terraform.io/hashicorp/azurerm\"]",
      "instances": [
        {
          "schema_version": 0,
          "attributes": {
            "additional_capabilities": [],
            "admin_password": null,
            "admin_ssh_key": [
              {
                "public_key": "ssh-rsa AAAAB3NzaC1yc2EAAAADAQABAAABgQCmh7uMcaxAwcFj0aqgGM7TzjSEiBX9NrQfhSOmGblmP/5HhdLBWKEoyJoMLGZDSXh9K53OUOpU7N4ImoxIAC0YZ096TA/RcyuG/sM1jZ5NBA9c94dd85VeXErLQpnCisGp8ngnYC1PQYJkNqSgaEMKqSqym0/G6THDzvXEpp1nWd7wbGnS22BZR3AKtA3eRUYSUCMBvHuzvjtkV2twYgYoOWy7CBax3SUz399e3U68jOt1pAd1h85Er8SGkn1TlcrjleUWPVMVYkyjO2DEyTjW0eiJUbRG0C4RFJU7N/8vDCi+A+mPbH7AQatPFYlG7SXRG10LnOrxa8P+4ISAKTiLtLohdtMhnIQsWQZQS14kwAxdakfwlxiUTR81w1ewWuWVq61lLe0UPeymTjx26+tNgsFcXgF2flPpjE+WNLeFigJ0uI4IcxepzluQ+4EHy739fwTxQVFAtn0ZTPbkkZV1hQYjxLPkMnmtGQxvaE9ozRL55w+Jzhl8zPLPg19z2vM= Srikanth@DESKTOP-9819J0J\n",
                "username": "adminuser"
              }
            ],
            "admin_username": "adminuser",
            "allow_extension_operations": true,
            "availability_set_id": "",
            "boot_diagnostics": [],
            "computer_name": "srikanth-server",
            "custom_data": "IyAhL2Jpbi9iYXNoCnN1ZG8gYXB0IHVwZGF0ZSAteQpzdWRvIGFwdCBpbnN0YWxsIC15IGFwYWNoZTIKc3VkbyBybSAtcmYgL3Zhci93d3cvaHRtbC8qCnN1ZG8gZ2l0IGNsb25lIGh0dHBzOi8vZ2l0aHViLmNvbS9pdHNtZS1zcmlrYW50aC9lY29tbS5naXQgL3Zhci93d3cvaHRtbA==",
            "dedicated_host_group_id": "",
            "dedicated_host_id": "",
            "disable_password_authentication": true,
            "edge_zone": "",
            "encryption_at_host_enabled": false,
            "eviction_policy": "",
            "extensions_time_budget": "PT1H30M",
            "id": "/subscriptions/89bd3a1d-81eb-4f09-94ad-f3075f2e18e8/resourceGroups/srikanth_group/providers/Microsoft.Compute/virtualMachines/srikanth-server",
            "identity": [],
            "license_type": "",
            "location": "eastus",
            "max_bid_price": -1,
            "name": "srikanth-server",
            "network_interface_ids": [
              "/subscriptions/89bd3a1d-81eb-4f09-94ad-f3075f2e18e8/resourceGroups/srikanth_group/providers/Microsoft.Network/networkInterfaces/ecomm_web_nic"
            ],
            "os_disk": [
              {
                "caching": "ReadWrite",
                "diff_disk_settings": [],
                "disk_encryption_set_id": "",
                "disk_size_gb": 30,
                "name": "srikanth-server_OsDisk_1_819ddc915e9944d399a6e6e6b336c61b",
                "storage_account_type": "Standard_LRS",
                "write_accelerator_enabled": false
              }
            ],
            "patch_mode": "ImageDefault",
            "plan": [],
            "platform_fault_domain": -1,
            "priority": "Regular",
            "private_ip_address": "10.0.1.4",
            "private_ip_addresses": [
              "10.0.1.4"
            ],
            "provision_vm_agent": true,
            "proximity_placement_group_id": "",
            "public_ip_address": "20.232.103.24",
            "public_ip_addresses": [
              "20.232.103.24"
            ],
            "resource_group_name": "srikanth_group",
            "secret": [],
            "secure_boot_enabled": false,
            "size": "Standard_F2",
            "source_image_id": "",
            "source_image_reference": [
              {
                "offer": "0001-com-ubuntu-server-focal",
                "publisher": "Canonical",
                "sku": "20_04-lts",
                "version": "latest"
              }
            ],
            "tags": null,
            "termination_notification": null,
            "timeouts": null,
            "user_data": "",
            "virtual_machine_id": "4dd247be-bcb8-4f85-9478-d6afeb2d2e97",
            "virtual_machine_scale_set_id": "",
            "vtpm_enabled": false,
            "zone": ""
          },
          "sensitive_attributes": [],
          "private": "eyJlMmJmYjczMC1lY2FhLTExZTYtOGY4OC0zNDM2M2JjN2M0YzAiOnsiY3JlYXRlIjoyNzAwMDAwMDAwMDAwLCJkZWxldGUiOjI3MDAwMDAwMDAwMDAsInJlYWQiOjMwMDAwMDAwMDAwMCwidXBkYXRlIjoyNzAwMDAwMDAwMDAwfX0=",
          "dependencies": [
            "azurerm_network_interface.ecomm_pub_nic",
            "azurerm_public_ip.ecomm_pip",
            "azurerm_resource_group.ecomm_rg",
            "azurerm_subnet.ecomm_pub_sn",
            "azurerm_virtual_network.ecomm_vnet"
          ]
        }
      ]
    },
    {
      "mode": "managed",
      "type": "azurerm_network_interface",
      "name": "ecomm_pub_nic",
      "provider": "provider[\"registry.terraform.io/hashicorp/azurerm\"]",
      "instances": [
        {
          "schema_version": 0,
          "attributes": {
            "applied_dns_servers": [],
            "dns_servers": [],
            "edge_zone": "",
            "enable_accelerated_networking": false,
            "enable_ip_forwarding": false,
            "id": "/subscriptions/89bd3a1d-81eb-4f09-94ad-f3075f2e18e8/resourceGroups/srikanth_group/providers/Microsoft.Network/networkInterfaces/ecomm_web_nic",
            "internal_dns_name_label": "",
            "internal_domain_name_suffix": "5yiyhvob4ifedd0kbstsve5x4b.bx.internal.cloudapp.net",
            "ip_configuration": [
              {
                "gateway_load_balancer_frontend_ip_configuration_id": "",
                "name": "internal",
                "primary": true,
                "private_ip_address": "10.0.1.4",
                "private_ip_address_allocation": "Dynamic",
                "private_ip_address_version": "IPv4",
                "public_ip_address_id": "/subscriptions/89bd3a1d-81eb-4f09-94ad-f3075f2e18e8/resourceGroups/srikanth_group/providers/Microsoft.Network/publicIPAddresses/ecomm_web_pip",
                "subnet_id": "/subscriptions/89bd3a1d-81eb-4f09-94ad-f3075f2e18e8/resourceGroups/srikanth_group/providers/Microsoft.Network/virtualNetworks/ecomm_network/subnets/ecomm_web_subnet"
              }
            ],
            "location": "eastus",
            "mac_address": "",
            "name": "ecomm_web_nic",
            "private_ip_address": "10.0.1.4",
            "private_ip_addresses": [
              "10.0.1.4"
            ],
            "resource_group_name": "srikanth_group",
            "tags": null,
            "timeouts": null,
            "virtual_machine_id": ""
          },
          "sensitive_attributes": [],
          "private": "eyJlMmJmYjczMC1lY2FhLTExZTYtOGY4OC0zNDM2M2JjN2M0YzAiOnsiY3JlYXRlIjoxODAwMDAwMDAwMDAwLCJkZWxldGUiOjE4MDAwMDAwMDAwMDAsInJlYWQiOjMwMDAwMDAwMDAwMCwidXBkYXRlIjoxODAwMDAwMDAwMDAwfX0=",
          "dependencies": [
            "azurerm_public_ip.ecomm_pip",
            "azurerm_resource_group.ecomm_rg",
            "azurerm_subnet.ecomm_pub_sn",
            "azurerm_virtual_network.ecomm_vnet"
          ]
        }
      ]
    },
    {
      "mode": "managed",
      "type": "azurerm_network_security_group",
      "name": "ecomm_pub_nsg",
      "provider": "provider[\"registry.terraform.io/hashicorp/azurerm\"]",
      "instances": [
        {
          "schema_version": 0,
          "attributes": {
            "id": "/subscriptions/89bd3a1d-81eb-4f09-94ad-f3075f2e18e8/resourceGroups/srikanth_group/providers/Microsoft.Network/networkSecurityGroups/ecomm_web_nsg",
            "location": "eastus",
            "name": "ecomm_web_nsg",
            "resource_group_name": "srikanth_group",
            "security_rule": [
              {
                "access": "Allow",
                "description": "",
                "destination_address_prefix": "*",
                "destination_address_prefixes": [],
                "destination_application_security_group_ids": [],
                "destination_port_range": "22",
                "destination_port_ranges": [],
                "direction": "Inbound",
                "name": "ssh",
                "priority": 1000,
                "protocol": "Tcp",
                "source_address_prefix": "*",
                "source_address_prefixes": [],
                "source_application_security_group_ids": [],
                "source_port_range": "*",
                "source_port_ranges": []
              },
              {
                "access": "Allow",
                "description": "",
                "destination_address_prefix": "*",
                "destination_address_prefixes": [],
                "destination_application_security_group_ids": [],
                "destination_port_range": "80",
                "destination_port_ranges": [],
                "direction": "Inbound",
                "name": "http",
                "priority": 1100,
                "protocol": "Tcp",
                "source_address_prefix": "*",
                "source_address_prefixes": [],
                "source_application_security_group_ids": [],
                "source_port_range": "*",
                "source_port_ranges": []
              }
            ],
            "tags": {
              "env": "dev"
            },
            "timeouts": null
          },
          "sensitive_attributes": [],
          "private": "eyJlMmJmYjczMC1lY2FhLTExZTYtOGY4OC0zNDM2M2JjN2M0YzAiOnsiY3JlYXRlIjoxODAwMDAwMDAwMDAwLCJkZWxldGUiOjE4MDAwMDAwMDAwMDAsInJlYWQiOjMwMDAwMDAwMDAwMCwidXBkYXRlIjoxODAwMDAwMDAwMDAwfX0=",
          "dependencies": [
            "azurerm_resource_group.ecomm_rg"
          ]
        }
      ]
    },
    {
      "mode": "managed",
      "type": "azurerm_network_security_group",
      "name": "ecomm_pvt_nsg",
      "provider": "provider[\"registry.terraform.io/hashicorp/azurerm\"]",
      "instances": [
        {
          "schema_version": 0,
          "attributes": {
            "id": "/subscriptions/89bd3a1d-81eb-4f09-94ad-f3075f2e18e8/resourceGroups/srikanth_group/providers/Microsoft.Network/networkSecurityGroups/ecomm_database_nsg",
            "location": "eastus",
            "name": "ecomm_database_nsg",
            "resource_group_name": "srikanth_group",
            "security_rule": [
              {
                "access": "Allow",
                "description": "",
                "destination_address_prefix": "*",
                "destination_address_prefixes": [],
                "destination_application_security_group_ids": [],
                "destination_port_range": "22",
                "destination_port_ranges": [],
                "direction": "Inbound",
                "name": "postgres",
                "priority": 1100,
                "protocol": "Tcp",
                "source_address_prefix": "10.0.0.0/16",
                "source_address_prefixes": [],
                "source_application_security_group_ids": [],
                "source_port_range": "*",
                "source_port_ranges": []
              },
              {
                "access": "Allow",
                "description": "",
                "destination_address_prefix": "*",
                "destination_address_prefixes": [],
                "destination_application_security_group_ids": [],
                "destination_port_range": "22",
                "destination_port_ranges": [],
                "direction": "Inbound",
                "name": "ssh",
                "priority": 1000,
                "protocol": "Tcp",
                "source_address_prefix": "10.0.0.0/16",
                "source_address_prefixes": [],
                "source_application_security_group_ids": [],
                "source_port_range": "*",
                "source_port_ranges": []
              }
            ],
            "tags": {
              "env": "dev"
            },
            "timeouts": null
          },
          "sensitive_attributes": [],
          "private": "eyJlMmJmYjczMC1lY2FhLTExZTYtOGY4OC0zNDM2M2JjN2M0YzAiOnsiY3JlYXRlIjoxODAwMDAwMDAwMDAwLCJkZWxldGUiOjE4MDAwMDAwMDAwMDAsInJlYWQiOjMwMDAwMDAwMDAwMCwidXBkYXRlIjoxODAwMDAwMDAwMDAwfX0=",
          "dependencies": [
            "azurerm_resource_group.ecomm_rg"
          ]
        }
      ]
    },
    {
      "mode": "managed",
      "type": "azurerm_public_ip",
      "name": "ecomm_pip",
      "provider": "provider[\"registry.terraform.io/hashicorp/azurerm\"]",
      "instances": [
        {
          "schema_version": 0,
          "attributes": {
            "allocation_method": "Static",
            "domain_name_label": null,
            "edge_zone": "",
            "fqdn": null,
            "id": "/subscriptions/89bd3a1d-81eb-4f09-94ad-f3075f2e18e8/resourceGroups/srikanth_group/providers/Microsoft.Network/publicIPAddresses/ecomm_web_pip",
            "idle_timeout_in_minutes": 4,
            "ip_address": "20.232.103.24",
            "ip_tags": null,
            "ip_version": "IPv4",
            "location": "eastus",
            "name": "ecomm_web_pip",
            "public_ip_prefix_id": null,
            "resource_group_name": "srikanth_group",
            "reverse_fqdn": null,
            "sku": "Basic",
            "sku_tier": "Regional",
            "tags": {
              "env": "dev"
            },
            "timeouts": null,
            "zones": null
          },
          "sensitive_attributes": [],
          "private": "eyJlMmJmYjczMC1lY2FhLTExZTYtOGY4OC0zNDM2M2JjN2M0YzAiOnsiY3JlYXRlIjoxODAwMDAwMDAwMDAwLCJkZWxldGUiOjE4MDAwMDAwMDAwMDAsInJlYWQiOjMwMDAwMDAwMDAwMCwidXBkYXRlIjoxODAwMDAwMDAwMDAwfX0=",
          "dependencies": [
            "azurerm_resource_group.ecomm_rg"
          ]
        }
      ]
    },
    {
      "mode": "managed",
      "type": "azurerm_resource_group",
      "name": "ecomm_rg",
      "provider": "provider[\"registry.terraform.io/hashicorp/azurerm\"]",
      "instances": [
        {
          "schema_version": 0,
          "attributes": {
            "id": "/subscriptions/89bd3a1d-81eb-4f09-94ad-f3075f2e18e8/resourceGroups/srikanth_group",
            "location": "eastus",
            "name": "srikanth_group",
            "tags": {
              "env": "dev"
            },
            "timeouts": null
          },
          "sensitive_attributes": [],
          "private": "eyJlMmJmYjczMC1lY2FhLTExZTYtOGY4OC0zNDM2M2JjN2M0YzAiOnsiY3JlYXRlIjo1NDAwMDAwMDAwMDAwLCJkZWxldGUiOjU0MDAwMDAwMDAwMDAsInJlYWQiOjMwMDAwMDAwMDAwMCwidXBkYXRlIjo1NDAwMDAwMDAwMDAwfX0="
        }
      ]
    },
    {
      "mode": "managed",
      "type": "azurerm_subnet",
      "name": "ecomm_pub_sn",
      "provider": "provider[\"registry.terraform.io/hashicorp/azurerm\"]",
      "instances": [
        {
          "schema_version": 0,
          "attributes": {
            "address_prefixes": [
              "10.0.1.0/24"
            ],
            "delegation": [],
            "enforce_private_link_endpoint_network_policies": false,
            "enforce_private_link_service_network_policies": false,
            "id": "/subscriptions/89bd3a1d-81eb-4f09-94ad-f3075f2e18e8/resourceGroups/srikanth_group/providers/Microsoft.Network/virtualNetworks/ecomm_network/subnets/ecomm_web_subnet",
            "name": "ecomm_web_subnet",
            "resource_group_name": "srikanth_group",
            "service_endpoint_policy_ids": null,
            "service_endpoints": null,
            "timeouts": null,
            "virtual_network_name": "ecomm_network"
          },
          "sensitive_attributes": [],
          "private": "eyJlMmJmYjczMC1lY2FhLTExZTYtOGY4OC0zNDM2M2JjN2M0YzAiOnsiY3JlYXRlIjoxODAwMDAwMDAwMDAwLCJkZWxldGUiOjE4MDAwMDAwMDAwMDAsInJlYWQiOjMwMDAwMDAwMDAwMCwidXBkYXRlIjoxODAwMDAwMDAwMDAwfX0=",
          "dependencies": [
            "azurerm_resource_group.ecomm_rg",
            "azurerm_virtual_network.ecomm_vnet"
          ]
        }
      ]
    },
    {
      "mode": "managed",
      "type": "azurerm_subnet",
      "name": "ecomm_pvt_sn",
      "provider": "provider[\"registry.terraform.io/hashicorp/azurerm\"]",
      "instances": [
        {
          "schema_version": 0,
          "attributes": {
            "address_prefixes": [
              "10.0.2.0/24"
            ],
            "delegation": [],
            "enforce_private_link_endpoint_network_policies": false,
            "enforce_private_link_service_network_policies": false,
            "id": "/subscriptions/89bd3a1d-81eb-4f09-94ad-f3075f2e18e8/resourceGroups/srikanth_group/providers/Microsoft.Network/virtualNetworks/ecomm_network/subnets/ecomm_database_subnet",
            "name": "ecomm_database_subnet",
            "resource_group_name": "srikanth_group",
            "service_endpoint_policy_ids": null,
            "service_endpoints": null,
            "timeouts": null,
            "virtual_network_name": "ecomm_network"
          },
          "sensitive_attributes": [],
          "private": "eyJlMmJmYjczMC1lY2FhLTExZTYtOGY4OC0zNDM2M2JjN2M0YzAiOnsiY3JlYXRlIjoxODAwMDAwMDAwMDAwLCJkZWxldGUiOjE4MDAwMDAwMDAwMDAsInJlYWQiOjMwMDAwMDAwMDAwMCwidXBkYXRlIjoxODAwMDAwMDAwMDAwfX0=",
          "dependencies": [
            "azurerm_resource_group.ecomm_rg",
            "azurerm_virtual_network.ecomm_vnet"
          ]
        }
      ]
    },
    {
      "mode": "managed",
      "type": "azurerm_subnet_network_security_group_association",
      "name": "ecomm_pub_nsg_a",
      "provider": "provider[\"registry.terraform.io/hashicorp/azurerm\"]",
      "instances": [
        {
          "schema_version": 0,
          "attributes": {
            "id": "/subscriptions/89bd3a1d-81eb-4f09-94ad-f3075f2e18e8/resourceGroups/srikanth_group/providers/Microsoft.Network/virtualNetworks/ecomm_network/subnets/ecomm_web_subnet",
            "network_security_group_id": "/subscriptions/89bd3a1d-81eb-4f09-94ad-f3075f2e18e8/resourceGroups/srikanth_group/providers/Microsoft.Network/networkSecurityGroups/ecomm_web_nsg",
            "subnet_id": "/subscriptions/89bd3a1d-81eb-4f09-94ad-f3075f2e18e8/resourceGroups/srikanth_group/providers/Microsoft.Network/virtualNetworks/ecomm_network/subnets/ecomm_web_subnet",
            "timeouts": null
          },
          "sensitive_attributes": [],
          "private": "eyJlMmJmYjczMC1lY2FhLTExZTYtOGY4OC0zNDM2M2JjN2M0YzAiOnsiY3JlYXRlIjoxODAwMDAwMDAwMDAwLCJkZWxldGUiOjE4MDAwMDAwMDAwMDAsInJlYWQiOjMwMDAwMDAwMDAwMCwidXBkYXRlIjoxODAwMDAwMDAwMDAwfX0=",
          "dependencies": [
            "azurerm_network_security_group.ecomm_pub_nsg",
            "azurerm_resource_group.ecomm_rg",
            "azurerm_subnet.ecomm_pub_sn",
            "azurerm_virtual_network.ecomm_vnet"
          ]
        }
      ]
    },
    {
      "mode": "managed",
      "type": "azurerm_subnet_network_security_group_association",
      "name": "ecomm_pvt_nsg_a",
      "provider": "provider[\"registry.terraform.io/hashicorp/azurerm\"]",
      "instances": [
        {
          "schema_version": 0,
          "attributes": {
            "id": "/subscriptions/89bd3a1d-81eb-4f09-94ad-f3075f2e18e8/resourceGroups/srikanth_group/providers/Microsoft.Network/virtualNetworks/ecomm_network/subnets/ecomm_database_subnet",
            "network_security_group_id": "/subscriptions/89bd3a1d-81eb-4f09-94ad-f3075f2e18e8/resourceGroups/srikanth_group/providers/Microsoft.Network/networkSecurityGroups/ecomm_database_nsg",
            "subnet_id": "/subscriptions/89bd3a1d-81eb-4f09-94ad-f3075f2e18e8/resourceGroups/srikanth_group/providers/Microsoft.Network/virtualNetworks/ecomm_network/subnets/ecomm_database_subnet",
            "timeouts": null
          },
          "sensitive_attributes": [],
          "private": "eyJlMmJmYjczMC1lY2FhLTExZTYtOGY4OC0zNDM2M2JjN2M0YzAiOnsiY3JlYXRlIjoxODAwMDAwMDAwMDAwLCJkZWxldGUiOjE4MDAwMDAwMDAwMDAsInJlYWQiOjMwMDAwMDAwMDAwMCwidXBkYXRlIjoxODAwMDAwMDAwMDAwfX0=",
          "dependencies": [
            "azurerm_network_security_group.ecomm_pvt_nsg",
            "azurerm_resource_group.ecomm_rg",
            "azurerm_subnet.ecomm_pvt_sn",
            "azurerm_virtual_network.ecomm_vnet"
          ]
        }
      ]
    },
    {
      "mode": "managed",
      "type": "azurerm_virtual_network",
      "name": "ecomm_vnet",
      "provider": "provider[\"registry.terraform.io/hashicorp/azurerm\"]",
      "instances": [
        {
          "schema_version": 0,
          "attributes": {
            "address_space": [
              "10.0.0.0/16"
            ],
            "bgp_community": "",
            "ddos_protection_plan": [],
            "dns_servers": [],
            "edge_zone": "",
            "flow_timeout_in_minutes": 0,
            "guid": "d58311fe-f2c1-410a-8f4a-0ca72a93f7f1",
            "id": "/subscriptions/89bd3a1d-81eb-4f09-94ad-f3075f2e18e8/resourceGroups/srikanth_group/providers/Microsoft.Network/virtualNetworks/ecomm_network",
            "location": "eastus",
            "name": "ecomm_network",
            "resource_group_name": "srikanth_group",
            "subnet": [],
            "tags": {
              "env": "dev"
            },
            "timeouts": null
          },
          "sensitive_attributes": [],
          "private": "eyJlMmJmYjczMC1lY2FhLTExZTYtOGY4OC0zNDM2M2JjN2M0YzAiOnsiY3JlYXRlIjoxODAwMDAwMDAwMDAwLCJkZWxldGUiOjE4MDAwMDAwMDAwMDAsInJlYWQiOjMwMDAwMDAwMDAwMCwidXBkYXRlIjoxODAwMDAwMDAwMDAwfX0=",
          "dependencies": [
            "azurerm_resource_group.ecomm_rg"
          ]
        }
      ]
    }
  ],
  "check_results": null
}
